// !$*UTF8*$!
{
	archiveVersion = 1;
	classes = {
	};
	objectVersion = 56;
	objects = {

/* Begin PBXBuildFile section */
		32D1E843DF01449294556C6D /* App.swift in Sources */ = {isa = PBXBuildFile; fileRef = CD401F3705704E1096E3C18C /* App.swift */; };
		C2A94DC209174B43A2407341 /* ContentView.swift in Sources */ = {isa = PBXBuildFile; fileRef = BD819C0D10CB48AFA1D9F81C /* ContentView.swift */; };
		9B0470DD358648BDA94FD437 /* DataTransformer.swift in Sources */ = {isa = PBXBuildFile; fileRef = 4CBC001EF84344BABA948744 /* DataTransformer.swift */; };
		168C360E2AB9466B8C9F273D /* HealthKitManager.swift in Sources */ = {isa = PBXBuildFile; fileRef = 25CFB99CC2CF4E08846DF861 /* HealthKitManager.swift */; };
		2AC3693BC57F4F80B5A2B824 /* NativeDataTransformer.swift in Sources */ = {isa = PBXBuildFile; fileRef = F50F4BFA7A5642B8A52CD17B /* NativeDataTransformer.swift */; };
		8F46D4B1A92C430F8A2C4B80 /* MockData.swift in Sources */ = {isa = PBXBuildFile; fileRef = 97CC387242ED4901A992EA43 /* MockData.swift */; };
		DBA0C6B7EF74432692BC6140 /* HealthModels.swift in Sources */ = {isa = PBXBuildFile; fileRef = 20FF1178CA8645AAA08D9FB7 /* HealthModels.swift */; };
		F964124C848B415DBE59E766 /* NativeDashboardView.swift in Sources */ = {isa = PBXBuildFile; fileRef = 7E106D2B273F4F4E98216918 /* NativeDashboardView.swift */; };
		6DA8D96FFC614FF8ACC7B0E4 /* DashboardWebView.swift in Sources */ = {isa = PBXBuildFile; fileRef = ED1960AA9775493CA3DEA893 /* DashboardWebView.swift */; };
		3C24970482BF4CD080B88DFA /* OnboardingView.swift in Sources */ = {isa = PBXBuildFile; fileRef = 31937FAFD6114283ACC227AB /* OnboardingView.swift */; };
		F9175FDFD6864729BD3D524B /* LoadingView.swift in Sources */ = {isa = PBXBuildFile; fileRef = 6A81ED008167417C9296277D /* LoadingView.swift */; };
		8EC83A13AD084E3BA1F8DF95 /* WorkoutDetailTab.swift in Sources */ = {isa = PBXBuildFile; fileRef = 819A61900A804252A200591C /* WorkoutDetailTab.swift */; };
		8EE35E8862964052876862B9 /* SummaryTab.swift in Sources */ = {isa = PBXBuildFile; fileRef = 2C1741F3C9944C739A4A8F27 /* SummaryTab.swift */; };
		BF2F0BEE6C81463BA09059F9 /* BodyTab.swift in Sources */ = {isa = PBXBuildFile; fileRef = 4EFA698B4F3C44879A903BCA /* BodyTab.swift */; };
		FF271E7ED9DE416880DE5675 /* ChartCards.swift in Sources */ = {isa = PBXBuildFile; fileRef = 01D0CDFAD62542F4BC08CC1B /* ChartCards.swift */; };
		E9CC68492AB540798C4D0FB4 /* MetricCard.swift in Sources */ = {isa = PBXBuildFile; fileRef = 75D0F50F4D9340CEA7B912F2 /* MetricCard.swift */; };
		4860B00018D248AD9E439C9E /* dashboard.html in Resources */ = {isa = PBXBuildFile; fileRef = 79B7B244D3F6445CBF1C9426 /* dashboard.html */; };
		3D45114B4EF34E6AA7BB9117 /* Assets.xcassets in Resources */ = {isa = PBXBuildFile; fileRef = 4DCEFE765C8949259889B7C8 /* Assets.xcassets */; };
		3BEB032531AC44679BFC6CA4 /* HealthKit.framework in Frameworks */ = {isa = PBXBuildFile; fileRef = 553B9238FA5D4ABAB940B9AA /* HealthKit.framework */; };
/* End PBXBuildFile section */

/* Begin PBXFileReference section */
		CD401F3705704E1096E3C18C /* App.swift */ = {isa = PBXFileReference; lastKnownFileType = sourcecode.swift; path = "HealthAnalyzerApp/App.swift"; sourceTree = SOURCE_ROOT; };
		BD819C0D10CB48AFA1D9F81C /* ContentView.swift */ = {isa = PBXFileReference; lastKnownFileType = sourcecode.swift; path = "HealthAnalyzerApp/ContentView.swift"; sourceTree = SOURCE_ROOT; };
		4CBC001EF84344BABA948744 /* DataTransformer.swift */ = {isa = PBXFileReference; lastKnownFileType = sourcecode.swift; path = "HealthAnalyzerApp/HealthKit/DataTransformer.swift"; sourceTree = SOURCE_ROOT; };
		25CFB99CC2CF4E08846DF861 /* HealthKitManager.swift */ = {isa = PBXFileReference; lastKnownFileType = sourcecode.swift; path = "HealthAnalyzerApp/HealthKit/HealthKitManager.swift"; sourceTree = SOURCE_ROOT; };
		F50F4BFA7A5642B8A52CD17B /* NativeDataTransformer.swift */ = {isa = PBXFileReference; lastKnownFileType = sourcecode.swift; path = "HealthAnalyzerApp/HealthKit/NativeDataTransformer.swift"; sourceTree = SOURCE_ROOT; };
		97CC387242ED4901A992EA43 /* MockData.swift */ = {isa = PBXFileReference; lastKnownFileType = sourcecode.swift; path = "HealthAnalyzerApp/Models/MockData.swift"; sourceTree = SOURCE_ROOT; };
		20FF1178CA8645AAA08D9FB7 /* HealthModels.swift */ = {isa = PBXFileReference; lastKnownFileType = sourcecode.swift; path = "HealthAnalyzerApp/Models/HealthModels.swift"; sourceTree = SOURCE_ROOT; };
		7E106D2B273F4F4E98216918 /* NativeDashboardView.swift */ = {isa = PBXFileReference; lastKnownFileType = sourcecode.swift; path = "HealthAnalyzerApp/Views/NativeDashboardView.swift"; sourceTree = SOURCE_ROOT; };
		ED1960AA9775493CA3DEA893 /* DashboardWebView.swift */ = {isa = PBXFileReference; lastKnownFileType = sourcecode.swift; path = "HealthAnalyzerApp/Views/DashboardWebView.swift"; sourceTree = SOURCE_ROOT; };
		31937FAFD6114283ACC227AB /* OnboardingView.swift */ = {isa = PBXFileReference; lastKnownFileType = sourcecode.swift; path = "HealthAnalyzerApp/Views/OnboardingView.swift"; sourceTree = SOURCE_ROOT; };
		6A81ED008167417C9296277D /* LoadingView.swift */ = {isa = PBXFileReference; lastKnownFileType = sourcecode.swift; path = "HealthAnalyzerApp/Views/LoadingView.swift"; sourceTree = SOURCE_ROOT; };
		819A61900A804252A200591C /* WorkoutDetailTab.swift */ = {isa = PBXFileReference; lastKnownFileType = sourcecode.swift; path = "HealthAnalyzerApp/Views/Tabs/WorkoutDetailTab.swift"; sourceTree = SOURCE_ROOT; };
		2C1741F3C9944C739A4A8F27 /* SummaryTab.swift */ = {isa = PBXFileReference; lastKnownFileType = sourcecode.swift; path = "HealthAnalyzerApp/Views/Tabs/SummaryTab.swift"; sourceTree = SOURCE_ROOT; };
		4EFA698B4F3C44879A903BCA /* BodyTab.swift */ = {isa = PBXFileReference; lastKnownFileType = sourcecode.swift; path = "HealthAnalyzerApp/Views/Tabs/BodyTab.swift"; sourceTree = SOURCE_ROOT; };
		01D0CDFAD62542F4BC08CC1B /* ChartCards.swift */ = {isa = PBXFileReference; lastKnownFileType = sourcecode.swift; path = "HealthAnalyzerApp/Views/Components/ChartCards.swift"; sourceTree = SOURCE_ROOT; };
		75D0F50F4D9340CEA7B912F2 /* MetricCard.swift */ = {isa = PBXFileReference; lastKnownFileType = sourcecode.swift; path = "HealthAnalyzerApp/Views/Components/MetricCard.swift"; sourceTree = SOURCE_ROOT; };
		79B7B244D3F6445CBF1C9426 /* dashboard.html */ = {isa = PBXFileReference; lastKnownFileType = text.html; path = "HealthAnalyzerApp/Resources/dashboard.html"; sourceTree = SOURCE_ROOT; };
		4DCEFE765C8949259889B7C8 /* Assets.xcassets */ = {isa = PBXFileReference; lastKnownFileType = folder.assetcatalog; path = "HealthAnalyzerApp/Assets.xcassets"; sourceTree = SOURCE_ROOT; };
		A5B8B5E6CD10455A9D035534 /* Info.plist */ = {isa = PBXFileReference; lastKnownFileType = text.plist.xml; path = "HealthAnalyzerApp/Info.plist"; sourceTree = SOURCE_ROOT; };
		64278604DAC04EA4809574FA /* HealthAnalyzerApp.entitlements */ = {isa = PBXFileReference; lastKnownFileType = text.plist.entitlements; path = "HealthAnalyzerApp/HealthAnalyzerApp.entitlements"; sourceTree = SOURCE_ROOT; };
		553B9238FA5D4ABAB940B9AA /* HealthKit.framework */ = {isa = PBXFileReference; lastKnownFileType = wrapper.framework; name = HealthKit.framework; path = System/Library/Frameworks/HealthKit.framework; sourceTree = SDKROOT; };
		67F2D0BA8305454DB946CE78 /* HealthAnalyzerApp.app */ = {isa = PBXFileReference; explicitFileType = wrapper.application; includeInIndex = 0; path = HealthAnalyzerApp.app; sourceTree = BUILT_PRODUCTS_DIR; };
/* End PBXFileReference section */

/* Begin PBXFrameworksBuildPhase section */
		5C0A9F3A78A341ECA527A579 /* Frameworks */ = {
			isa = PBXFrameworksBuildPhase;
			buildActionMask = 2147483647;
			files = (
				3BEB032531AC44679BFC6CA4 /* HealthKit.framework in Frameworks */,
			);
			runOnlyForDeploymentPostprocessing = 0;
		};
/* End PBXFrameworksBuildPhase section */

/* Begin PBXGroup section */
		6C6D87B70CF24D7A8D22AC2F = {
			isa = PBXGroup;
			children = (
				CD401F3705704E1096E3C18C /* App.swift */,
				BD819C0D10CB48AFA1D9F81C /* ContentView.swift */,
				4CBC001EF84344BABA948744 /* DataTransformer.swift */,
				25CFB99CC2CF4E08846DF861 /* HealthKitManager.swift */,
				F50F4BFA7A5642B8A52CD17B /* NativeDataTransformer.swift */,
				97CC387242ED4901A992EA43 /* MockData.swift */,
				20FF1178CA8645AAA08D9FB7 /* HealthModels.swift */,
				7E106D2B273F4F4E98216918 /* NativeDashboardView.swift */,
				ED1960AA9775493CA3DEA893 /* DashboardWebView.swift */,
				31937FAFD6114283ACC227AB /* OnboardingView.swift */,
				6A81ED008167417C9296277D /* LoadingView.swift */,
				819A61900A804252A200591C /* WorkoutDetailTab.swift */,
				2C1741F3C9944C739A4A8F27 /* SummaryTab.swift */,
				4EFA698B4F3C44879A903BCA /* BodyTab.swift */,
				01D0CDFAD62542F4BC08CC1B /* ChartCards.swift */,
				75D0F50F4D9340CEA7B912F2 /* MetricCard.swift */,
				79B7B244D3F6445CBF1C9426 /* dashboard.html */,
				4DCEFE765C8949259889B7C8 /* Assets.xcassets */,
				A5B8B5E6CD10455A9D035534 /* Info.plist */,
				64278604DAC04EA4809574FA /* HealthAnalyzerApp.entitlements */,
				553B9238FA5D4ABAB940B9AA /* HealthKit.framework */,
				FF434A35FACD4DC18A9BD0D6 /* Products */,
			);
			sourceTree = "<group>";
		};
		FF434A35FACD4DC18A9BD0D6 /* Products */ = {
			isa = PBXGroup;
			children = (
				67F2D0BA8305454DB946CE78 /* HealthAnalyzerApp.app */,
			);
			name = Products;
			sourceTree = "<group>";
		};
/* End PBXGroup section */

/* Begin PBXNativeTarget section */
		219E31D636434808A7369637 /* HealthAnalyzerApp */ = {
			isa = PBXNativeTarget;
			buildConfigurationList = D451CA9A41A94FA0AB246D28 /* Build configuration list for PBXNativeTarget "HealthAnalyzerApp" */;
			buildPhases = (
				9C4D5C89412D4572871BBD61 /* Sources */,
				3CE25C7BAA0E42C19D51AD4B /* Resources */,
				5C0A9F3A78A341ECA527A579 /* Frameworks */,
			);
			buildRules = (
			);
			dependencies = (
			);
			name = HealthAnalyzerApp;
			productName = HealthAnalyzerApp;
			productReference = 67F2D0BA8305454DB946CE78 /* HealthAnalyzerApp.app */;
			productType = "com.apple.product-type.application";
		};
/* End PBXNativeTarget section */

/* Begin PBXProject section */
		83E1C0633B6A4A68853F6C58 /* Project object */ = {
			isa = PBXProject;
			attributes = {
				BuildIndependentTargetsInParallel = 1;
				LastSwiftUpdateCheck = 1600;
				LastUpgradeCheck = 1600;
			};
			buildConfigurationList = B317982E5973457CAFBE9B3C /* Build configuration list for PBXProject "HealthAnalyzerApp" */;
			compatibilityVersion = "Xcode 14.0";
			developmentRegion = "zh-Hans";
			hasScannedForEncodings = 0;
			knownRegions = (
				en,
				"zh-Hans",
				Base,
			);
			mainGroup = 6C6D87B70CF24D7A8D22AC2F;
			productRefGroup = FF434A35FACD4DC18A9BD0D6 /* Products */;
			projectDirPath = "";
			projectRoot = "";
			targets = (
				219E31D636434808A7369637 /* HealthAnalyzerApp */,
			);
		};
/* End PBXProject section */

/* Begin PBXResourcesBuildPhase section */
		3CE25C7BAA0E42C19D51AD4B /* Resources */ = {
			isa = PBXResourcesBuildPhase;
			buildActionMask = 2147483647;
			files = (
				4860B00018D248AD9E439C9E /* dashboard.html in Resources */,
				3D45114B4EF34E6AA7BB9117 /* Assets.xcassets in Resources */,
			);
			runOnlyForDeploymentPostprocessing = 0;
		};
/* End PBXResourcesBuildPhase section */

/* Begin PBXSourcesBuildPhase section */
		9C4D5C89412D4572871BBD61 /* Sources */ = {
			isa = PBXSourcesBuildPhase;
			buildActionMask = 2147483647;
			files = (
				32D1E843DF01449294556C6D /* App.swift in Sources */,
				C2A94DC209174B43A2407341 /* ContentView.swift in Sources */,
				9B0470DD358648BDA94FD437 /* DataTransformer.swift in Sources */,
				168C360E2AB9466B8C9F273D /* HealthKitManager.swift in Sources */,
				2AC3693BC57F4F80B5A2B824 /* NativeDataTransformer.swift in Sources */,
				8F46D4B1A92C430F8A2C4B80 /* MockData.swift in Sources */,
				DBA0C6B7EF74432692BC6140 /* HealthModels.swift in Sources */,
				F964124C848B415DBE59E766 /* NativeDashboardView.swift in Sources */,
				6DA8D96FFC614FF8ACC7B0E4 /* DashboardWebView.swift in Sources */,
				3C24970482BF4CD080B88DFA /* OnboardingView.swift in Sources */,
				F9175FDFD6864729BD3D524B /* LoadingView.swift in Sources */,
				8EC83A13AD084E3BA1F8DF95 /* WorkoutDetailTab.swift in Sources */,
				8EE35E8862964052876862B9 /* SummaryTab.swift in Sources */,
				BF2F0BEE6C81463BA09059F9 /* BodyTab.swift in Sources */,
				FF271E7ED9DE416880DE5675 /* ChartCards.swift in Sources */,
				E9CC68492AB540798C4D0FB4 /* MetricCard.swift in Sources */,
			);
			runOnlyForDeploymentPostprocessing = 0;
		};
/* End PBXSourcesBuildPhase section */

/* Begin XCBuildConfiguration section */
		BF4C6C8AFE9C43A396FA5A12 /* Debug */ = {
			isa = XCBuildConfiguration;
			buildSettings = {
				ALWAYS_SEARCH_USER_PATHS = NO;
				CLANG_ANALYZER_NONNULL = YES;
				CLANG_CXX_LANGUAGE_STANDARD = "gnu++20";
				CLANG_ENABLE_MODULES = YES;
				CLANG_ENABLE_OBJC_ARC = YES;
				COPY_PHASE_STRIP = NO;
				DEBUG_INFORMATION_FORMAT = dwarf;
				ENABLE_STRICT_OBJC_MSGSEND = YES;
				ENABLE_TESTABILITY = YES;
				ENABLE_USER_SCRIPT_SANDBOXING = YES;
				GCC_C_LANGUAGE_STANDARD = gnu17;
				GCC_DYNAMIC_NO_PIC = NO;
				GCC_NO_COMMON_BLOCKS = YES;
				GCC_OPTIMIZATION_LEVEL = 0;
				GCC_PREPROCESSOR_DEFINITIONS = (
					"DEBUG=1",
					"$(inherited)",
				);
				GCC_WARN_64_TO_32_BIT_CONVERSION = YES;
				GCC_WARN_ABOUT_RETURN_TYPE = YES_ERROR;
				GCC_WARN_UNDECLARED_SELECTOR = YES;
				GCC_WARN_UNINITIALIZED_AUTOS = YES_AGGRESSIVE;
				GCC_WARN_UNUSED_FUNCTION = YES;
				GCC_WARN_UNUSED_VARIABLE = YES;
				IPHONEOS_DEPLOYMENT_TARGET = 17.0;
				MTL_ENABLE_DEBUG_INFO = INCLUDE_SOURCE;
				MTL_FAST_MATH = YES;
				ONLY_ACTIVE_ARCH = YES;
				SDKROOT = iphoneos;
				SWIFT_ACTIVE_COMPILATION_CONDITIONS = "$(inherited) DEBUG";
				SWIFT_OPTIMIZATION_LEVEL = "-Onone";
				SWIFT_VERSION = 5.0;
			};
			name = Debug;
		};
		0B88E3C30634436BB191E30E /* Release */ = {
			isa = XCBuildConfiguration;
			buildSettings = {
				ALWAYS_SEARCH_USER_PATHS = NO;
				CLANG_ANALYZER_NONNULL = YES;
				CLANG_CXX_LANGUAGE_STANDARD = "gnu++20";
				CLANG_ENABLE_MODULES = YES;
				CLANG_ENABLE_OBJC_ARC = YES;
				COPY_PHASE_STRIP = NO;
				DEBUG_INFORMATION_FORMAT = "dwarf-with-dsym";
				ENABLE_NS_ASSERTIONS = NO;
				ENABLE_STRICT_OBJC_MSGSEND = YES;
				ENABLE_USER_SCRIPT_SANDBOXING = YES;
				GCC_C_LANGUAGE_STANDARD = gnu17;
				GCC_NO_COMMON_BLOCKS = YES;
				GCC_WARN_64_TO_32_BIT_CONVERSION = YES;
				GCC_WARN_ABOUT_RETURN_TYPE = YES_ERROR;
				GCC_WARN_UNDECLARED_SELECTOR = YES;
				GCC_WARN_UNINITIALIZED_AUTOS = YES_AGGRESSIVE;
				GCC_WARN_UNUSED_FUNCTION = YES;
				GCC_WARN_UNUSED_VARIABLE = YES;
				IPHONEOS_DEPLOYMENT_TARGET = 17.0;
				MTL_ENABLE_DEBUG_INFO = NO;
				MTL_FAST_MATH = YES;
				SDKROOT = iphoneos;
				SWIFT_COMPILATION_MODE = wholemodule;
				SWIFT_VERSION = 5.0;
				VALIDATE_PRODUCT = YES;
			};
			name = Release;
		};
		5A7D3C90C66A41679865EEEE /* Debug */ = {
			isa = XCBuildConfiguration;
			buildSettings = {
				ASSETCATALOG_COMPILER_APPICON_NAME = AppIcon;
				ASSETCATALOG_COMPILER_GLOBAL_ACCENT_COLOR_NAME = AccentColor;
				CODE_SIGN_ENTITLEMENTS = HealthAnalyzerApp/HealthAnalyzerApp.entitlements;
				CODE_SIGN_STYLE = Automatic;
				CURRENT_PROJECT_VERSION = 1;
				DEVELOPMENT_TEAM = "";
				GENERATE_INFOPLIST_FILE = NO;
				INFOPLIST_FILE = HealthAnalyzerApp/Info.plist;
				INFOPLIST_KEY_UIApplicationSceneManifest_Generation = YES;
				INFOPLIST_KEY_UIApplicationSupportsIndirectInputEvents = YES;
				INFOPLIST_KEY_UILaunchScreen_Generation = YES;
				INFOPLIST_KEY_UISupportedInterfaceOrientations_iPad = "UIInterfaceOrientationPortrait UIInterfaceOrientationPortraitUpsideDown UIInterfaceOrientationLandscapeLeft UIInterfaceOrientationLandscapeRight";
				INFOPLIST_KEY_UISupportedInterfaceOrientations_iPhone = "UIInterfaceOrientationPortrait UIInterfaceOrientationLandscapeLeft UIInterfaceOrientationLandscapeRight";
				LD_RUNPATH_SEARCH_PATHS = (
					"$(inherited)",
					"@executable_path/Frameworks",
				);
				MARKETING_VERSION = 1.0.0;
				PRODUCT_BUNDLE_IDENTIFIER = com.jacksonhuang.healthanalyzer;
				PRODUCT_NAME = "$(TARGET_NAME)";
				SUPPORTED_PLATFORMS = "iphoneos iphonesimulator";
				SUPPORTS_MACCATALYST = NO;
				SWIFT_EMIT_LOC_STRINGS = YES;
				TARGETED_DEVICE_FAMILY = "1,2";
			};
			name = Debug;
		};
		FDE4964C29514847A0E48D6D /* Release */ = {
			isa = XCBuildConfiguration;
			buildSettings = {
				ASSETCATALOG_COMPILER_APPICON_NAME = AppIcon;
				ASSETCATALOG_COMPILER_GLOBAL_ACCENT_COLOR_NAME = AccentColor;
				CODE_SIGN_ENTITLEMENTS = HealthAnalyzerApp/HealthAnalyzerApp.entitlements;
				CODE_SIGN_STYLE = Automatic;
				CURRENT_PROJECT_VERSION = 1;
				DEVELOPMENT_TEAM = "";
				GENERATE_INFOPLIST_FILE = NO;
				INFOPLIST_FILE = HealthAnalyzerApp/Info.plist;
				INFOPLIST_KEY_UIApplicationSceneManifest_Generation = YES;
				INFOPLIST_KEY_UIApplicationSupportsIndirectInputEvents = YES;
				INFOPLIST_KEY_UILaunchScreen_Generation = YES;
				INFOPLIST_KEY_UISupportedInterfaceOrientations_iPad = "UIInterfaceOrientationPortrait UIInterfaceOrientationPortraitUpsideDown UIInterfaceOrientationLandscapeLeft UIInterfaceOrientationLandscapeRight";
				INFOPLIST_KEY_UISupportedInterfaceOrientations_iPhone = "UIInterfaceOrientationPortrait UIInterfaceOrientationLandscapeLeft UIInterfaceOrientationLandscapeRight";
				LD_RUNPATH_SEARCH_PATHS = (
					"$(inherited)",
					"@executable_path/Frameworks",
				);
				MARKETING_VERSION = 1.0.0;
				PRODUCT_BUNDLE_IDENTIFIER = com.jacksonhuang.healthanalyzer;
				PRODUCT_NAME = "$(TARGET_NAME)";
				SUPPORTED_PLATFORMS = "iphoneos iphonesimulator";
				SUPPORTS_MACCATALYST = NO;
				SWIFT_EMIT_LOC_STRINGS = YES;
				TARGETED_DEVICE_FAMILY = "1,2";
			};
			name = Release;
		};
/* End XCBuildConfiguration section */

/* Begin XCConfigurationList section */
		B317982E5973457CAFBE9B3C /* Build configuration list for PBXProject "HealthAnalyzerApp" */ = {
			isa = XCConfigurationList;
			buildConfigurations = (
				BF4C6C8AFE9C43A396FA5A12 /* Debug */,
				0B88E3C30634436BB191E30E /* Release */,
			);
			defaultConfigurationIsVisible = 0;
			defaultConfigurationName = Release;
		};
		D451CA9A41A94FA0AB246D28 /* Build configuration list for PBXNativeTarget "HealthAnalyzerApp" */ = {
			isa = XCConfigurationList;
			buildConfigurations = (
				5A7D3C90C66A41679865EEEE /* Debug */,
				FDE4964C29514847A0E48D6D /* Release */,
			);
			defaultConfigurationIsVisible = 0;
			defaultConfigurationName = Release;
		};
/* End XCConfigurationList section */
	};
	rootObject = 83E1C0633B6A4A68853F6C58 /* Project object */;
}
